
Microsoft Visual Studio Solution File, Format Version 12.00
# Visual Studio Version 17
VisualStudioVersion = 17.6.33723.286
MinimumVisualStudioVersion = 10.0.40219.1
Project("{FAE04EC0-301F-11D3-BF4B-00C04F79EFBC}") = "FinanceTracking", "FinanceTracking\FinanceTracking.csproj", "{F1792B8F-B793-4956-BE92-E212AA0E3D9E}"
EndProject
Global
	GlobalSection(SolutionConfigurationPlatforms) = preSolution
		Debug|Any CPU = Debug|Any CPU
		Release|Any CPU = Release|Any CPU
	EndGlobalSection
	GlobalSection(ProjectConfigurationPlatforms) = postSolution
		{F1792B8F-B793-4956-BE92-E212AA0E3D9E}.Debug|Any CPU.ActiveCfg = Debug|Any CPU
		{F1792B8F-B793-4956-BE92-E212AA0E3D9E}.Debug|Any CPU.Build.0 = Debug|Any CPU
		{F1792B8F-B793-4956-BE92-E212AA0E3D9E}.Release|Any CPU.ActiveCfg = Release|Any CPU
		{F1792B8F-B793-4956-BE92-E212AA0E3D9E}.Release|Any CPU.Build.0 = Release|Any CPU
	EndGlobalSection
	GlobalSection(SolutionProperties) = preSolution
		HideSolutionNode = FALSE
	EndGlobalSection
	GlobalSection(ExtensibilityGlobals) = postSolution
		SolutionGuid = {FD670F1B-360D-4DBE-A8E8-00EB8B12B1C9}
	EndGlobalSection
EndGlobal
